PODS:
  - Flutter (1.0.0)
  - yandex_maps_mapkit (1.0.0):
    - Flutter
    - YandexMapsMobile (= 4.7.2-beta5-full-flutter)
  - YandexMapsMobile (4.7.2-beta5-full-flutter)

DEPENDENCIES:
  - Flutter (from `Flutter`)
  - yandex_maps_mapkit (from `.symlinks/plugins/yandex_maps_mapkit/ios`)

SPEC REPOS:
  trunk:
    - YandexMapsMobile

EXTERNAL SOURCES:
  Flutter:
    :path: Flutter
  yandex_maps_mapkit:
    :path: ".symlinks/plugins/yandex_maps_mapkit/ios"

SPEC CHECKSUMS:
  Flutter: e0871f40cf51350855a761d2e70bf5af5b9b5de7
  yandex_maps_mapkit: db75d125a5cc33e68bdc151a30a89c21e914c5f4
  YandexMapsMobile: 3f06e472990af0d910b0fae404b3ce4b332b93d6

PODFILE CHECKSUM: 819463e6a0290f5a72f145ba7cde16e8b6ef0796

COCOAPODS: 1.15.2
